
Microsoft Visual Studio Solution File, Format Version 12.00
# Visual Studio 14
VisualStudioVersion = 14.0.25420.1
MinimumVisualStudioVersion = 10.0.40219.1
Project("{FAE04EC0-301F-11D3-BF4B-00C04F79EFBC}") = "DQueue", "DQueue\DQueue.csproj", "{DFB49DB8-AE49-4D85-9323-7171CF6F2AF4}"
EndProject
Project("{2150E333-8FDC-42A3-9474-1A3956D46DE8}") = "tests", "tests", "{1569BE12-814A-4A83-9D59-9CA50BF7954E}"
EndProject
Project("{FAE04EC0-301F-11D3-BF4B-00C04F79EFBC}") = "DQueue.CmdTest", "tests\DQueue.CmdTest\DQueue.CmdTest.csproj", "{009B8BCC-A368-4E2B-B9B7-A85F26DE26DC}"
EndProject
Project("{FAE04EC0-301F-11D3-BF4B-00C04F79EFBC}") = "DQueue.QueueServiceTest", "tests\DQueue.QueueServiceTest\DQueue.QueueServiceTest.csproj", "{40A0C9DC-8E82-40AB-BAD1-15893736EBD9}"
EndProject
Project("{FAE04EC0-301F-11D3-BF4B-00C04F79EFBC}") = "DQueue.WinTest", "tests\DQueue.WinTest\DQueue.WinTest.csproj", "{49427964-189B-4179-8CA5-AD52372809BD}"
EndProject
Project("{2150E333-8FDC-42A3-9474-1A3956D46DE8}") = "Consumer", "Consumer", "{00CFDFB8-9371-418D-833C-8AA95C04054B}"
EndProject
Project("{2150E333-8FDC-42A3-9474-1A3956D46DE8}") = "Central", "Central", "{0F569440-A749-4815-B086-316EA72E1376}"
EndProject
Project("{FAE04EC0-301F-11D3-BF4B-00C04F79EFBC}") = "DQueue.Central", "DQueue.Central\DQueue.Central\DQueue.Central.csproj", "{7C68BE8D-3BB8-4E98-820E-DEC8F1A9BFDC}"
EndProject
Project("{FAE04EC0-301F-11D3-BF4B-00C04F79EFBC}") = "DQueue.Central.ConsoleHost", "DQueue.Central\DQueue.Central.ConsoleHost\DQueue.Central.ConsoleHost.csproj", "{57B32A19-CE73-402B-A8E5-D9D512D16144}"
EndProject
Project("{FAE04EC0-301F-11D3-BF4B-00C04F79EFBC}") = "DQueue.Consumer", "DQueue.Consumer\DQueue.Consumer\DQueue.Consumer.csproj", "{83D716E6-649C-483D-B720-51D62710FC40}"
EndProject
Project("{FAE04EC0-301F-11D3-BF4B-00C04F79EFBC}") = "DQueue.Consumer.ConsoleHost", "DQueue.Consumer\DQueue.Consumer.ConsoleHost\DQueue.Consumer.ConsoleHost.csproj", "{A6C8917B-6315-4256-986A-54BE48D6B52D}"
EndProject
Project("{FAE04EC0-301F-11D3-BF4B-00C04F79EFBC}") = "DQueue.Consumer.ServiceHost", "DQueue.Consumer\DQueue.Consumer.ServiceHost\DQueue.Consumer.ServiceHost.csproj", "{1D230C57-4897-4090-AAFF-392E2553E80A}"
EndProject
Project("{FAE04EC0-301F-11D3-BF4B-00C04F79EFBC}") = "DQueue.Central.ServiceHost", "DQueue.Central\DQueue.Central.ServiceHost\DQueue.Central.ServiceHost.csproj", "{B38C7CEA-89DC-47C5-8222-C2C5037344C4}"
EndProject
Project("{FAE04EC0-301F-11D3-BF4B-00C04F79EFBC}") = "DQueue.Central.WebSite", "DQueue.Central\DQueue.Central.WebSite\DQueue.Central.WebSite.csproj", "{6BDC09CF-A7F9-4CD5-9E3E-3CF832C1E111}"
EndProject
Global
	GlobalSection(SolutionConfigurationPlatforms) = preSolution
		Debug|Any CPU = Debug|Any CPU
		Release|Any CPU = Release|Any CPU
	EndGlobalSection
	GlobalSection(ProjectConfigurationPlatforms) = postSolution
		{DFB49DB8-AE49-4D85-9323-7171CF6F2AF4}.Debug|Any CPU.ActiveCfg = Debug|Any CPU
		{DFB49DB8-AE49-4D85-9323-7171CF6F2AF4}.Debug|Any CPU.Build.0 = Debug|Any CPU
		{DFB49DB8-AE49-4D85-9323-7171CF6F2AF4}.Release|Any CPU.ActiveCfg = Release|Any CPU
		{DFB49DB8-AE49-4D85-9323-7171CF6F2AF4}.Release|Any CPU.Build.0 = Release|Any CPU
		{009B8BCC-A368-4E2B-B9B7-A85F26DE26DC}.Debug|Any CPU.ActiveCfg = Debug|Any CPU
		{009B8BCC-A368-4E2B-B9B7-A85F26DE26DC}.Debug|Any CPU.Build.0 = Debug|Any CPU
		{009B8BCC-A368-4E2B-B9B7-A85F26DE26DC}.Release|Any CPU.ActiveCfg = Release|Any CPU
		{009B8BCC-A368-4E2B-B9B7-A85F26DE26DC}.Release|Any CPU.Build.0 = Release|Any CPU
		{40A0C9DC-8E82-40AB-BAD1-15893736EBD9}.Debug|Any CPU.ActiveCfg = Debug|Any CPU
		{40A0C9DC-8E82-40AB-BAD1-15893736EBD9}.Debug|Any CPU.Build.0 = Debug|Any CPU
		{40A0C9DC-8E82-40AB-BAD1-15893736EBD9}.Release|Any CPU.ActiveCfg = Release|Any CPU
		{40A0C9DC-8E82-40AB-BAD1-15893736EBD9}.Release|Any CPU.Build.0 = Release|Any CPU
		{49427964-189B-4179-8CA5-AD52372809BD}.Debug|Any CPU.ActiveCfg = Debug|Any CPU
		{49427964-189B-4179-8CA5-AD52372809BD}.Debug|Any CPU.Build.0 = Debug|Any CPU
		{49427964-189B-4179-8CA5-AD52372809BD}.Release|Any CPU.ActiveCfg = Release|Any CPU
		{49427964-189B-4179-8CA5-AD52372809BD}.Release|Any CPU.Build.0 = Release|Any CPU
		{7C68BE8D-3BB8-4E98-820E-DEC8F1A9BFDC}.Debug|Any CPU.ActiveCfg = Debug|Any CPU
		{7C68BE8D-3BB8-4E98-820E-DEC8F1A9BFDC}.Debug|Any CPU.Build.0 = Debug|Any CPU
		{7C68BE8D-3BB8-4E98-820E-DEC8F1A9BFDC}.Release|Any CPU.ActiveCfg = Release|Any CPU
		{7C68BE8D-3BB8-4E98-820E-DEC8F1A9BFDC}.Release|Any CPU.Build.0 = Release|Any CPU
		{57B32A19-CE73-402B-A8E5-D9D512D16144}.Debug|Any CPU.ActiveCfg = Debug|Any CPU
		{57B32A19-CE73-402B-A8E5-D9D512D16144}.Debug|Any CPU.Build.0 = Debug|Any CPU
		{57B32A19-CE73-402B-A8E5-D9D512D16144}.Release|Any CPU.ActiveCfg = Release|Any CPU
		{57B32A19-CE73-402B-A8E5-D9D512D16144}.Release|Any CPU.Build.0 = Release|Any CPU
		{83D716E6-649C-483D-B720-51D62710FC40}.Debug|Any CPU.ActiveCfg = Debug|Any CPU
		{83D716E6-649C-483D-B720-51D62710FC40}.Debug|Any CPU.Build.0 = Debug|Any CPU
		{83D716E6-649C-483D-B720-51D62710FC40}.Release|Any CPU.ActiveCfg = Release|Any CPU
		{83D716E6-649C-483D-B720-51D62710FC40}.Release|Any CPU.Build.0 = Release|Any CPU
		{A6C8917B-6315-4256-986A-54BE48D6B52D}.Debug|Any CPU.ActiveCfg = Debug|Any CPU
		{A6C8917B-6315-4256-986A-54BE48D6B52D}.Debug|Any CPU.Build.0 = Debug|Any CPU
		{A6C8917B-6315-4256-986A-54BE48D6B52D}.Release|Any CPU.ActiveCfg = Release|Any CPU
		{A6C8917B-6315-4256-986A-54BE48D6B52D}.Release|Any CPU.Build.0 = Release|Any CPU
		{1D230C57-4897-4090-AAFF-392E2553E80A}.Debug|Any CPU.ActiveCfg = Debug|Any CPU
		{1D230C57-4897-4090-AAFF-392E2553E80A}.Debug|Any CPU.Build.0 = Debug|Any CPU
		{1D230C57-4897-4090-AAFF-392E2553E80A}.Release|Any CPU.ActiveCfg = Release|Any CPU
		{1D230C57-4897-4090-AAFF-392E2553E80A}.Release|Any CPU.Build.0 = Release|Any CPU
		{B38C7CEA-89DC-47C5-8222-C2C5037344C4}.Debug|Any CPU.ActiveCfg = Debug|Any CPU
		{B38C7CEA-89DC-47C5-8222-C2C5037344C4}.Debug|Any CPU.Build.0 = Debug|Any CPU
		{B38C7CEA-89DC-47C5-8222-C2C5037344C4}.Release|Any CPU.ActiveCfg = Release|Any CPU
		{B38C7CEA-89DC-47C5-8222-C2C5037344C4}.Release|Any CPU.Build.0 = Release|Any CPU
		{6BDC09CF-A7F9-4CD5-9E3E-3CF832C1E111}.Debug|Any CPU.ActiveCfg = Debug|Any CPU
		{6BDC09CF-A7F9-4CD5-9E3E-3CF832C1E111}.Debug|Any CPU.Build.0 = Debug|Any CPU
		{6BDC09CF-A7F9-4CD5-9E3E-3CF832C1E111}.Release|Any CPU.ActiveCfg = Release|Any CPU
		{6BDC09CF-A7F9-4CD5-9E3E-3CF832C1E111}.Release|Any CPU.Build.0 = Release|Any CPU
	EndGlobalSection
	GlobalSection(SolutionProperties) = preSolution
		HideSolutionNode = FALSE
	EndGlobalSection
	GlobalSection(NestedProjects) = preSolution
		{009B8BCC-A368-4E2B-B9B7-A85F26DE26DC} = {1569BE12-814A-4A83-9D59-9CA50BF7954E}
		{40A0C9DC-8E82-40AB-BAD1-15893736EBD9} = {1569BE12-814A-4A83-9D59-9CA50BF7954E}
		{49427964-189B-4179-8CA5-AD52372809BD} = {1569BE12-814A-4A83-9D59-9CA50BF7954E}
		{7C68BE8D-3BB8-4E98-820E-DEC8F1A9BFDC} = {0F569440-A749-4815-B086-316EA72E1376}
		{57B32A19-CE73-402B-A8E5-D9D512D16144} = {0F569440-A749-4815-B086-316EA72E1376}
		{83D716E6-649C-483D-B720-51D62710FC40} = {00CFDFB8-9371-418D-833C-8AA95C04054B}
		{A6C8917B-6315-4256-986A-54BE48D6B52D} = {00CFDFB8-9371-418D-833C-8AA95C04054B}
		{1D230C57-4897-4090-AAFF-392E2553E80A} = {00CFDFB8-9371-418D-833C-8AA95C04054B}
		{B38C7CEA-89DC-47C5-8222-C2C5037344C4} = {0F569440-A749-4815-B086-316EA72E1376}
		{6BDC09CF-A7F9-4CD5-9E3E-3CF832C1E111} = {0F569440-A749-4815-B086-316EA72E1376}
	EndGlobalSection
EndGlobal
